
Microsoft Visual Studio Solution File, Format Version 12.00
# Visual Studio Version 17
VisualStudioVersion = 17.10.35122.118
MinimumVisualStudioVersion = 10.0.40219.1
Project("{FAE04EC0-301F-11D3-BF4B-00C04F79EFBC}") = "HealthCareWebApp", "HealthCareWebApp\HealthCareWebApp.csproj", "{8BC395FD-6FE1-4DAF-8D99-B001FECD077E}"
EndProject
Global
	GlobalSection(SolutionConfigurationPlatforms) = preSolution
		Debug|Any CPU = Debug|Any CPU
		Release|Any CPU = Release|Any CPU
	EndGlobalSection
	GlobalSection(ProjectConfigurationPlatforms) = postSolution
		{8BC395FD-6FE1-4DAF-8D99-B001FECD077E}.Debug|Any CPU.ActiveCfg = Debug|Any CPU
		{8BC395FD-6FE1-4DAF-8D99-B001FECD077E}.Debug|Any CPU.Build.0 = Debug|Any CPU
		{8BC395FD-6FE1-4DAF-8D99-B001FECD077E}.Release|Any CPU.ActiveCfg = Release|Any CPU
		{8BC395FD-6FE1-4DAF-8D99-B001FECD077E}.Release|Any CPU.Build.0 = Release|Any CPU
	EndGlobalSection
	GlobalSection(SolutionProperties) = preSolution
		HideSolutionNode = FALSE
	EndGlobalSection
	GlobalSection(ExtensibilityGlobals) = postSolution
		SolutionGuid = {8EC8CE40-9DC1-40FA-A597-459F9278B53C}
	EndGlobalSection
EndGlobal
